
Microsoft Visual Studio Solution File, Format Version 12.00
# Visual Studio 15
VisualStudioVersion = 15.0.27428.2037
MinimumVisualStudioVersion = 10.0.40219.1
Project("{FAE04EC0-301F-11D3-BF4B-00C04F79EFBC}") = "WpfSimpleBinding", "WpfSimpleBinding\WpfSimpleBinding.csproj", "{AEF2EF74-4E39-40E7-B786-47EEA11FF672}"
EndProject
Project("{2150E333-8FDC-42A3-9474-1A3956D46DE8}") = "Documents", "Documents", "{333602AD-F270-48D1-AFD8-3E15E00FAFE8}"
	ProjectSection(SolutionItems) = preProject
		WpfSimpleBinding\Documents\WPF Data Binding.pptx = WpfSimpleBinding\Documents\WPF Data Binding.pptx
	EndProjectSection
EndProject
Global
	GlobalSection(SolutionConfigurationPlatforms) = preSolution
		Debug|Any CPU = Debug|Any CPU
		Release|Any CPU = Release|Any CPU
	EndGlobalSection
	GlobalSection(ProjectConfigurationPlatforms) = postSolution
		{AEF2EF74-4E39-40E7-B786-47EEA11FF672}.Debug|Any CPU.ActiveCfg = Debug|Any CPU
		{AEF2EF74-4E39-40E7-B786-47EEA11FF672}.Debug|Any CPU.Build.0 = Debug|Any CPU
		{AEF2EF74-4E39-40E7-B786-47EEA11FF672}.Release|Any CPU.ActiveCfg = Release|Any CPU
		{AEF2EF74-4E39-40E7-B786-47EEA11FF672}.Release|Any CPU.Build.0 = Release|Any CPU
	EndGlobalSection
	GlobalSection(SolutionProperties) = preSolution
		HideSolutionNode = FALSE
	EndGlobalSection
	GlobalSection(ExtensibilityGlobals) = postSolution
		SolutionGuid = {6E5608FD-CE05-4254-88F9-44F6CDA5A220}
	EndGlobalSection
EndGlobal
